
Microsoft Visual Studio Solution File, Format Version 12.00
Project("{FAE04EC0-301F-11D3-BF4B-00C04F79EFBC}") = "LitophaneStlGenerator", "LitophaneStlGenerator\LitophaneStlGenerator.csproj", "{5A811FFC-04D7-4F17-80D8-DE454AFE0843}"
EndProject
Project("{2150E333-8FDC-42A3-9474-1A3956D46DE8}") = "SolutionItems", "SolutionItems", "{D8466EBA-EF32-4CD8-BCF1-B7D8734404C0}"
	ProjectSection(SolutionItems) = preProject
		.gitignore = .gitignore
		LICENSE = LICENSE
		README.md = README.md
		.gitattributes = .gitattributes
		.editorconfig = .editorconfig
	EndProjectSection
EndProject
Global
	GlobalSection(SolutionConfigurationPlatforms) = preSolution
		Debug|Any CPU = Debug|Any CPU
		Release|Any CPU = Release|Any CPU
	EndGlobalSection
	GlobalSection(ProjectConfigurationPlatforms) = postSolution
		{5A811FFC-04D7-4F17-80D8-DE454AFE0843}.Debug|Any CPU.ActiveCfg = Debug|Any CPU
		{5A811FFC-04D7-4F17-80D8-DE454AFE0843}.Debug|Any CPU.Build.0 = Debug|Any CPU
		{5A811FFC-04D7-4F17-80D8-DE454AFE0843}.Release|Any CPU.ActiveCfg = Release|Any CPU
		{5A811FFC-04D7-4F17-80D8-DE454AFE0843}.Release|Any CPU.Build.0 = Release|Any CPU
	EndGlobalSection
EndGlobal
